
Microsoft Visual Studio Solution File, Format Version 12.00
# Visual Studio Version 17
VisualStudioVersion = 17.3.32922.545
MinimumVisualStudioVersion = 10.0.40219.1
Project("{FAE04EC0-301F-11D3-BF4B-00C04F79EFBC}") = "P2_2_1214085", "P2_2_1214085\P2_2_1214085.csproj", "{2E2BAE5E-EB98-407B-B0ED-D58F69F8960C}"
EndProject
Global
	GlobalSection(SolutionConfigurationPlatforms) = preSolution
		Debug|Any CPU = Debug|Any CPU
		Release|Any CPU = Release|Any CPU
	EndGlobalSection
	GlobalSection(ProjectConfigurationPlatforms) = postSolution
		{2E2BAE5E-EB98-407B-B0ED-D58F69F8960C}.Debug|Any CPU.ActiveCfg = Debug|Any CPU
		{2E2BAE5E-EB98-407B-B0ED-D58F69F8960C}.Debug|Any CPU.Build.0 = Debug|Any CPU
		{2E2BAE5E-EB98-407B-B0ED-D58F69F8960C}.Release|Any CPU.ActiveCfg = Release|Any CPU
		{2E2BAE5E-EB98-407B-B0ED-D58F69F8960C}.Release|Any CPU.Build.0 = Release|Any CPU
	EndGlobalSection
	GlobalSection(SolutionProperties) = preSolution
		HideSolutionNode = FALSE
	EndGlobalSection
	GlobalSection(ExtensibilityGlobals) = postSolution
		SolutionGuid = {98B32BE8-92C1-40CF-9959-C3359B0E31E3}
	EndGlobalSection
EndGlobal
